// !$*UTF8*$!
{
	archiveVersion = 1;
	classes = {
	};
	objectVersion = 46;
	objects = {

/* Begin PBXBuildFile section */
		059C3E691BA46655003B740B /* node_ui.jpeg in Resources */ = {isa = PBXBuildFile; fileRef = 059C3E681BA46655003B740B /* node_ui.jpeg */; };
		300EB8271E98399600CE385E /* ShinpuruNodeUI.h in Headers */ = {isa = PBXBuildFile; fileRef = 300EB8251E98399600CE385E /* ShinpuruNodeUI.h */; settings = {ATTRIBUTES = (Public, ); }; };
		300EB82A1E98399600CE385E /* ShinpuruNodeUI.framework in Frameworks */ = {isa = PBXBuildFile; fileRef = 300EB8231E98399600CE385E /* ShinpuruNodeUI.framework */; };
		300EB82B1E98399600CE385E /* ShinpuruNodeUI.framework in Embed Frameworks */ = {isa = PBXBuildFile; fileRef = 300EB8231E98399600CE385E /* ShinpuruNodeUI.framework */; settings = {ATTRIBUTES = (CodeSignOnCopy, RemoveHeadersOnCopy, ); }; };
		300EB8301E9839A500CE385E /* SNView.swift in Sources */ = {isa = PBXBuildFile; fileRef = 3E7C179A1B957B93000DC1E4 /* SNView.swift */; };
		300EB8311E9839A500CE385E /* ShinpuruNodeDataTypes.swift in Sources */ = {isa = PBXBuildFile; fileRef = 3EE37A1D1B97633B00F87EE1 /* ShinpuruNodeDataTypes.swift */; };
		300EB8321E9839A500CE385E /* SNNodeWidget.swift in Sources */ = {isa = PBXBuildFile; fileRef = 3EE37A181B96CAFE00F87EE1 /* SNNodeWidget.swift */; };
		300EB8331E9839A500CE385E /* SNRelationshipCurvesLayer.swift in Sources */ = {isa = PBXBuildFile; fileRef = 3EE37A1B1B9762FA00F87EE1 /* SNRelationshipCurvesLayer.swift */; };
		300EB8341E9839A500CE385E /* SNNodesContainer.swift in Sources */ = {isa = PBXBuildFile; fileRef = 059C3E5C1BA3E476003B740B /* SNNodesContainer.swift */; };
		300EB8351E9839A500CE385E /* OptionalComparisonOperator.swift in Sources */ = {isa = PBXBuildFile; fileRef = 5C1E4D301D929FCC00F79EEE /* OptionalComparisonOperator.swift */; };
		3E7C176B1B957B0F000DC1E4 /* AppDelegate.swift in Sources */ = {isa = PBXBuildFile; fileRef = 3E7C176A1B957B0F000DC1E4 /* AppDelegate.swift */; };
		3E7C176D1B957B0F000DC1E4 /* ViewController.swift in Sources */ = {isa = PBXBuildFile; fileRef = 3E7C176C1B957B0F000DC1E4 /* ViewController.swift */; };
		3E7C17701B957B0F000DC1E4 /* Main.storyboard in Resources */ = {isa = PBXBuildFile; fileRef = 3E7C176E1B957B0F000DC1E4 /* Main.storyboard */; };
		3E7C17721B957B0F000DC1E4 /* Assets.xcassets in Resources */ = {isa = PBXBuildFile; fileRef = 3E7C17711B957B0F000DC1E4 /* Assets.xcassets */; };
		3E7C17751B957B0F000DC1E4 /* LaunchScreen.storyboard in Resources */ = {isa = PBXBuildFile; fileRef = 3E7C17731B957B0F000DC1E4 /* LaunchScreen.storyboard */; };
		3EAAA9A31B996EF20004F869 /* DemoRenderers.swift in Sources */ = {isa = PBXBuildFile; fileRef = 3EAAA9A21B996EF20004F869 /* DemoRenderers.swift */; };
		3EAAA9A51B9D662A0004F869 /* DemoModel.swift in Sources */ = {isa = PBXBuildFile; fileRef = 3EAAA9A41B9D662A0004F869 /* DemoModel.swift */; };
		3EE37A201B97634700F87EE1 /* DemoClasses.swift in Sources */ = {isa = PBXBuildFile; fileRef = 3EE37A1F1B97634700F87EE1 /* DemoClasses.swift */; };
		3EF1DC321BA884C90072057E /* UIColorExtension.swift in Sources */ = {isa = PBXBuildFile; fileRef = 3EF1DC311BA884C90072057E /* UIColorExtension.swift */; };
/* End PBXBuildFile section */

/* Begin PBXContainerItemProxy section */
		300EB8281E98399600CE385E /* PBXContainerItemProxy */ = {
			isa = PBXContainerItemProxy;
			containerPortal = 3E7C175F1B957B0F000DC1E4 /* Project object */;
			proxyType = 1;
			remoteGlobalIDString = 300EB8221E98399600CE385E;
			remoteInfo = ShinpuruNodeUI;
		};
/* End PBXContainerItemProxy section */

/* Begin PBXCopyFilesBuildPhase section */
		300EB82F1E98399600CE385E /* Embed Frameworks */ = {
			isa = PBXCopyFilesBuildPhase;
			buildActionMask = 2147483647;
			dstPath = "";
			dstSubfolderSpec = 10;
			files = (
				300EB82B1E98399600CE385E /* ShinpuruNodeUI.framework in Embed Frameworks */,
			);
			name = "Embed Frameworks";
			runOnlyForDeploymentPostprocessing = 0;
		};
/* End PBXCopyFilesBuildPhase section */

/* Begin PBXFileReference section */
		059C3E5C1BA3E476003B740B /* SNNodesContainer.swift */ = {isa = PBXFileReference; fileEncoding = 4; lastKnownFileType = sourcecode.swift; name = SNNodesContainer.swift; path = shinpuru/SNNodesContainer.swift; sourceTree = "<group>"; };
		059C3E681BA46655003B740B /* node_ui.jpeg */ = {isa = PBXFileReference; lastKnownFileType = image.jpeg; name = node_ui.jpeg; path = assets/node_ui.jpeg; sourceTree = "<group>"; };
		300EB8231E98399600CE385E /* ShinpuruNodeUI.framework */ = {isa = PBXFileReference; explicitFileType = wrapper.framework; includeInIndex = 0; path = ShinpuruNodeUI.framework; sourceTree = BUILT_PRODUCTS_DIR; };
		300EB8251E98399600CE385E /* ShinpuruNodeUI.h */ = {isa = PBXFileReference; lastKnownFileType = sourcecode.c.h; path = ShinpuruNodeUI.h; sourceTree = "<group>"; };
		300EB8261E98399600CE385E /* Info.plist */ = {isa = PBXFileReference; lastKnownFileType = text.plist.xml; path = Info.plist; sourceTree = "<group>"; };
		3E7C17671B957B0F000DC1E4 /* ShinpuruNodeUIDemoApp.app */ = {isa = PBXFileReference; explicitFileType = wrapper.application; includeInIndex = 0; path = ShinpuruNodeUIDemoApp.app; sourceTree = BUILT_PRODUCTS_DIR; };
		3E7C176A1B957B0F000DC1E4 /* AppDelegate.swift */ = {isa = PBXFileReference; lastKnownFileType = sourcecode.swift; path = AppDelegate.swift; sourceTree = "<group>"; };
		3E7C176C1B957B0F000DC1E4 /* ViewController.swift */ = {isa = PBXFileReference; lastKnownFileType = sourcecode.swift; path = ViewController.swift; sourceTree = "<group>"; };
		3E7C176F1B957B0F000DC1E4 /* Base */ = {isa = PBXFileReference; lastKnownFileType = file.storyboard; name = Base; path = Base.lproj/Main.storyboard; sourceTree = "<group>"; };
		3E7C17711B957B0F000DC1E4 /* Assets.xcassets */ = {isa = PBXFileReference; lastKnownFileType = folder.assetcatalog; path = Assets.xcassets; sourceTree = "<group>"; };
		3E7C17741B957B0F000DC1E4 /* Base */ = {isa = PBXFileReference; lastKnownFileType = file.storyboard; name = Base; path = Base.lproj/LaunchScreen.storyboard; sourceTree = "<group>"; };
		3E7C17761B957B0F000DC1E4 /* Info.plist */ = {isa = PBXFileReference; lastKnownFileType = text.plist.xml; path = Info.plist; sourceTree = "<group>"; };
		3E7C179A1B957B93000DC1E4 /* SNView.swift */ = {isa = PBXFileReference; fileEncoding = 4; lastKnownFileType = sourcecode.swift; name = SNView.swift; path = shinpuru/SNView.swift; sourceTree = "<group>"; };
		3EAAA9A21B996EF20004F869 /* DemoRenderers.swift */ = {isa = PBXFileReference; fileEncoding = 4; lastKnownFileType = sourcecode.swift; name = DemoRenderers.swift; path = demoProject/DemoRenderers.swift; sourceTree = "<group>"; };
		3EAAA9A41B9D662A0004F869 /* DemoModel.swift */ = {isa = PBXFileReference; fileEncoding = 4; lastKnownFileType = sourcecode.swift; name = DemoModel.swift; path = demoProject/DemoModel.swift; sourceTree = "<group>"; };
		3EE37A181B96CAFE00F87EE1 /* SNNodeWidget.swift */ = {isa = PBXFileReference; fileEncoding = 4; lastKnownFileType = sourcecode.swift; name = SNNodeWidget.swift; path = shinpuru/SNNodeWidget.swift; sourceTree = "<group>"; };
		3EE37A1B1B9762FA00F87EE1 /* SNRelationshipCurvesLayer.swift */ = {isa = PBXFileReference; fileEncoding = 4; lastKnownFileType = sourcecode.swift; name = SNRelationshipCurvesLayer.swift; path = shinpuru/SNRelationshipCurvesLayer.swift; sourceTree = "<group>"; };
		3EE37A1D1B97633B00F87EE1 /* ShinpuruNodeDataTypes.swift */ = {isa = PBXFileReference; fileEncoding = 4; lastKnownFileType = sourcecode.swift; name = ShinpuruNodeDataTypes.swift; path = shinpuru/ShinpuruNodeDataTypes.swift; sourceTree = "<group>"; };
		3EE37A1F1B97634700F87EE1 /* DemoClasses.swift */ = {isa = PBXFileReference; fileEncoding = 4; lastKnownFileType = sourcecode.swift; name = DemoClasses.swift; path = demoProject/DemoClasses.swift; sourceTree = "<group>"; };
		3EF1DC311BA884C90072057E /* UIColorExtension.swift */ = {isa = PBXFileReference; fileEncoding = 4; lastKnownFileType = sourcecode.swift; name = UIColorExtension.swift; path = extensions/UIColorExtension.swift; sourceTree = "<group>"; };
		5C1E4D301D929FCC00F79EEE /* OptionalComparisonOperator.swift */ = {isa = PBXFileReference; fileEncoding = 4; lastKnownFileType = sourcecode.swift; path = OptionalComparisonOperator.swift; sourceTree = "<group>"; };
/* End PBXFileReference section */

/* Begin PBXFrameworksBuildPhase section */
		300EB81F1E98399600CE385E /* Frameworks */ = {
			isa = PBXFrameworksBuildPhase;
			buildActionMask = 2147483647;
			files = (
			);
			runOnlyForDeploymentPostprocessing = 0;
		};
		3E7C17641B957B0F000DC1E4 /* Frameworks */ = {
			isa = PBXFrameworksBuildPhase;
			buildActionMask = 2147483647;
			files = (
				300EB82A1E98399600CE385E /* ShinpuruNodeUI.framework in Frameworks */,
			);
			runOnlyForDeploymentPostprocessing = 0;
		};
/* End PBXFrameworksBuildPhase section */

/* Begin PBXGroup section */
		059C3E671BA465ED003B740B /* assets */ = {
			isa = PBXGroup;
			children = (
				059C3E681BA46655003B740B /* node_ui.jpeg */,
			);
			name = assets;
			sourceTree = "<group>";
		};
		300EB8241E98399600CE385E /* ShinpuruNodeUI */ = {
			isa = PBXGroup;
			children = (
				300EB8251E98399600CE385E /* ShinpuruNodeUI.h */,
				300EB8261E98399600CE385E /* Info.plist */,
			);
			path = ShinpuruNodeUI;
			sourceTree = "<group>";
		};
		3E7C175E1B957B0F000DC1E4 = {
			isa = PBXGroup;
			children = (
				3E7C17691B957B0F000DC1E4 /* ShinpuruNodeUI */,
				300EB8241E98399600CE385E /* ShinpuruNodeUI */,
				3E7C17681B957B0F000DC1E4 /* Products */,
			);
			sourceTree = "<group>";
		};
		3E7C17681B957B0F000DC1E4 /* Products */ = {
			isa = PBXGroup;
			children = (
				3E7C17671B957B0F000DC1E4 /* ShinpuruNodeUIDemoApp.app */,
				300EB8231E98399600CE385E /* ShinpuruNodeUI.framework */,
			);
			name = Products;
			sourceTree = "<group>";
		};
		3E7C17691B957B0F000DC1E4 /* ShinpuruNodeUI */ = {
			isa = PBXGroup;
			children = (
				3EF1DC2E1BA884970072057E /* extensions */,
				059C3E671BA465ED003B740B /* assets */,
				3EE37A151B961DFC00F87EE1 /* demoProject */,
				3E7C17981B957B19000DC1E4 /* shinpuru */,
				3E7C176A1B957B0F000DC1E4 /* AppDelegate.swift */,
				3E7C176C1B957B0F000DC1E4 /* ViewController.swift */,
				3E7C176E1B957B0F000DC1E4 /* Main.storyboard */,
				3E7C17711B957B0F000DC1E4 /* Assets.xcassets */,
				3E7C17731B957B0F000DC1E4 /* LaunchScreen.storyboard */,
				3E7C17761B957B0F000DC1E4 /* Info.plist */,
			);
			path = ShinpuruNodeUI;
			sourceTree = "<group>";
		};
		3E7C17981B957B19000DC1E4 /* shinpuru */ = {
			isa = PBXGroup;
			children = (
				3E7C179A1B957B93000DC1E4 /* SNView.swift */,
				3EE37A1D1B97633B00F87EE1 /* ShinpuruNodeDataTypes.swift */,
				3EE37A181B96CAFE00F87EE1 /* SNNodeWidget.swift */,
				3EE37A1B1B9762FA00F87EE1 /* SNRelationshipCurvesLayer.swift */,
				059C3E5C1BA3E476003B740B /* SNNodesContainer.swift */,
				5C1E4D301D929FCC00F79EEE /* OptionalComparisonOperator.swift */,
			);
			name = shinpuru;
			sourceTree = "<group>";
		};
		3EE37A151B961DFC00F87EE1 /* demoProject */ = {
			isa = PBXGroup;
			children = (
				3EE37A1F1B97634700F87EE1 /* DemoClasses.swift */,
				3EAAA9A21B996EF20004F869 /* DemoRenderers.swift */,
				3EAAA9A41B9D662A0004F869 /* DemoModel.swift */,
			);
			name = demoProject;
			sourceTree = "<group>";
		};
		3EF1DC2E1BA884970072057E /* extensions */ = {
			isa = PBXGroup;
			children = (
				3EF1DC311BA884C90072057E /* UIColorExtension.swift */,
			);
			name = extensions;
			sourceTree = "<group>";
		};
/* End PBXGroup section */

/* Begin PBXHeadersBuildPhase section */
		300EB8201E98399600CE385E /* Headers */ = {
			isa = PBXHeadersBuildPhase;
			buildActionMask = 2147483647;
			files = (
				300EB8271E98399600CE385E /* ShinpuruNodeUI.h in Headers */,
			);
			runOnlyForDeploymentPostprocessing = 0;
		};
/* End PBXHeadersBuildPhase section */

/* Begin PBXNativeTarget section */
		300EB8221E98399600CE385E /* ShinpuruNodeUI */ = {
			isa = PBXNativeTarget;
			buildConfigurationList = 300EB82C1E98399600CE385E /* Build configuration list for PBXNativeTarget "ShinpuruNodeUI" */;
			buildPhases = (
				300EB81E1E98399600CE385E /* Sources */,
				300EB81F1E98399600CE385E /* Frameworks */,
				300EB8201E98399600CE385E /* Headers */,
				300EB8211E98399600CE385E /* Resources */,
			);
			buildRules = (
			);
			dependencies = (
			);
			name = ShinpuruNodeUI;
			productName = ShinpuruNodeUI;
			productReference = 300EB8231E98399600CE385E /* ShinpuruNodeUI.framework */;
			productType = "com.apple.product-type.framework";
		};
		3E7C17661B957B0F000DC1E4 /* ShinpuruNodeUIDemoApp */ = {
			isa = PBXNativeTarget;
			buildConfigurationList = 3E7C178F1B957B0F000DC1E4 /* Build configuration list for PBXNativeTarget "ShinpuruNodeUIDemoApp" */;
			buildPhases = (
				3E7C17631B957B0F000DC1E4 /* Sources */,
				3E7C17641B957B0F000DC1E4 /* Frameworks */,
				3E7C17651B957B0F000DC1E4 /* Resources */,
				300EB82F1E98399600CE385E /* Embed Frameworks */,
			);
			buildRules = (
			);
			dependencies = (
				300EB8291E98399600CE385E /* PBXTargetDependency */,
			);
			name = ShinpuruNodeUIDemoApp;
			productName = ShinpuruNodeUI;
			productReference = 3E7C17671B957B0F000DC1E4 /* ShinpuruNodeUIDemoApp.app */;
			productType = "com.apple.product-type.application";
		};
/* End PBXNativeTarget section */

/* Begin PBXProject section */
		3E7C175F1B957B0F000DC1E4 /* Project object */ = {
			isa = PBXProject;
			attributes = {
				LastUpgradeCheck = 0820;
				ORGANIZATIONNAME = "Simon Gladman";
				TargetAttributes = {
					300EB8221E98399600CE385E = {
						CreatedOnToolsVersion = 8.2.1;
						DevelopmentTeam = GEA92R6RK9;
						ProvisioningStyle = Automatic;
					};
					3E7C17661B957B0F000DC1E4 = {
						CreatedOnToolsVersion = 7.0;
						DevelopmentTeam = GEA92R6RK9;
						LastSwiftMigration = 0800;
					};
				};
			};
			buildConfigurationList = 3E7C17621B957B0F000DC1E4 /* Build configuration list for PBXProject "ShinpuruNodeUI" */;
			compatibilityVersion = "Xcode 3.2";
			developmentRegion = English;
			hasScannedForEncodings = 0;
			knownRegions = (
				en,
				Base,
			);
			mainGroup = 3E7C175E1B957B0F000DC1E4;
			productRefGroup = 3E7C17681B957B0F000DC1E4 /* Products */;
			projectDirPath = "";
			projectRoot = "";
			targets = (
				3E7C17661B957B0F000DC1E4 /* ShinpuruNodeUIDemoApp */,
				300EB8221E98399600CE385E /* ShinpuruNodeUI */,
			);
		};
/* End PBXProject section */

/* Begin PBXResourcesBuildPhase section */
		300EB8211E98399600CE385E /* Resources */ = {
			isa = PBXResourcesBuildPhase;
			buildActionMask = 2147483647;
			files = (
			);
			runOnlyForDeploymentPostprocessing = 0;
		};
		3E7C17651B957B0F000DC1E4 /* Resources */ = {
			isa = PBXResourcesBuildPhase;
			buildActionMask = 2147483647;
			files = (
				3E7C17751B957B0F000DC1E4 /* LaunchScreen.storyboard in Resources */,
				3E7C17721B957B0F000DC1E4 /* Assets.xcassets in Resources */,
				3E7C17701B957B0F000DC1E4 /* Main.storyboard in Resources */,
				059C3E691BA46655003B740B /* node_ui.jpeg in Resources */,
			);
			runOnlyForDeploymentPostprocessing = 0;
		};
/* End PBXResourcesBuildPhase section */

/* Begin PBXSourcesBuildPhase section */
		300EB81E1E98399600CE385E /* Sources */ = {
			isa = PBXSourcesBuildPhase;
			buildActionMask = 2147483647;
			files = (
				300EB8341E9839A500CE385E /* SNNodesContainer.swift in Sources */,
				300EB8321E9839A500CE385E /* SNNodeWidget.swift in Sources */,
				300EB8351E9839A500CE385E /* OptionalComparisonOperator.swift in Sources */,
				300EB8301E9839A500CE385E /* SNView.swift in Sources */,
				300EB8331E9839A500CE385E /* SNRelationshipCurvesLayer.swift in Sources */,
				300EB8311E9839A500CE385E /* ShinpuruNodeDataTypes.swift in Sources */,
			);
			runOnlyForDeploymentPostprocessing = 0;
		};
		3E7C17631B957B0F000DC1E4 /* Sources */ = {
			isa = PBXSourcesBuildPhase;
			buildActionMask = 2147483647;
			files = (
				3EE37A201B97634700F87EE1 /* DemoClasses.swift in Sources */,
				3EAAA9A51B9D662A0004F869 /* DemoModel.swift in Sources */,
				3E7C176D1B957B0F000DC1E4 /* ViewController.swift in Sources */,
				3EAAA9A31B996EF20004F869 /* DemoRenderers.swift in Sources */,
				3EF1DC321BA884C90072057E /* UIColorExtension.swift in Sources */,
				3E7C176B1B957B0F000DC1E4 /* AppDelegate.swift in Sources */,
			);
			runOnlyForDeploymentPostprocessing = 0;
		};
/* End PBXSourcesBuildPhase section */

/* Begin PBXTargetDependency section */
		300EB8291E98399600CE385E /* PBXTargetDependency */ = {
			isa = PBXTargetDependency;
			target = 300EB8221E98399600CE385E /* ShinpuruNodeUI */;
			targetProxy = 300EB8281E98399600CE385E /* PBXContainerItemProxy */;
		};
/* End PBXTargetDependency section */

/* Begin PBXVariantGroup section */
		3E7C176E1B957B0F000DC1E4 /* Main.storyboard */ = {
			isa = PBXVariantGroup;
			children = (
				3E7C176F1B957B0F000DC1E4 /* Base */,
			);
			name = Main.storyboard;
			sourceTree = "<group>";
		};
		3E7C17731B957B0F000DC1E4 /* LaunchScreen.storyboard */ = {
			isa = PBXVariantGroup;
			children = (
				3E7C17741B957B0F000DC1E4 /* Base */,
			);
			name = LaunchScreen.storyboard;
			sourceTree = "<group>";
		};
/* End PBXVariantGroup section */

/* Begin XCBuildConfiguration section */
		300EB82D1E98399600CE385E /* Debug */ = {
			isa = XCBuildConfiguration;
			buildSettings = {
				CLANG_ANALYZER_NONNULL = YES;
				CLANG_WARN_DOCUMENTATION_COMMENTS = YES;
				CODE_SIGN_IDENTITY = "";
				"CODE_SIGN_IDENTITY[sdk=iphoneos*]" = "iPhone Developer";
				CURRENT_PROJECT_VERSION = 1;
				DEFINES_MODULE = YES;
				DEVELOPMENT_TEAM = GEA92R6RK9;
				DYLIB_COMPATIBILITY_VERSION = 1;
				DYLIB_CURRENT_VERSION = 1;
				DYLIB_INSTALL_NAME_BASE = "@rpath";
				INFOPLIST_FILE = ShinpuruNodeUI/Info.plist;
				INSTALL_PATH = "$(LOCAL_LIBRARY_DIR)/Frameworks";
				IPHONEOS_DEPLOYMENT_TARGET = 9.0;
				LD_RUNPATH_SEARCH_PATHS = "$(inherited) @executable_path/Frameworks @loader_path/Frameworks";
				PRODUCT_BUNDLE_IDENTIFIER = uk.co.flexmonkey.ShinpuruNodeUI;
				PRODUCT_NAME = "$(TARGET_NAME)";
				SKIP_INSTALL = YES;
				SWIFT_ACTIVE_COMPILATION_CONDITIONS = DEBUG;
				SWIFT_VERSION = 3.0;
				VERSIONING_SYSTEM = "apple-generic";
				VERSION_INFO_PREFIX = "";
			};
			name = Debug;
		};
		300EB82E1E98399600CE385E /* Release */ = {
			isa = XCBuildConfiguration;
			buildSettings = {
				CLANG_ANALYZER_NONNULL = YES;
				CLANG_WARN_DOCUMENTATION_COMMENTS = YES;
				CODE_SIGN_IDENTITY = "";
				CURRENT_PROJECT_VERSION = 1;
				DEFINES_MODULE = YES;
				DEVELOPMENT_TEAM = GEA92R6RK9;
				DYLIB_COMPATIBILITY_VERSION = 1;
				DYLIB_CURRENT_VERSION = 1;
				DYLIB_INSTALL_NAME_BASE = "@rpath";
				INFOPLIST_FILE = ShinpuruNodeUI/Info.plist;
				INSTALL_PATH = "$(LOCAL_LIBRARY_DIR)/Frameworks";
				IPHONEOS_DEPLOYMENT_TARGET = 9.0;
				LD_RUNPATH_SEARCH_PATHS = "$(inherited) @executable_path/Frameworks @loader_path/Frameworks";
				PRODUCT_BUNDLE_IDENTIFIER = uk.co.flexmonkey.ShinpuruNodeUI;
				PRODUCT_NAME = "$(TARGET_NAME)";
				SKIP_INSTALL = YES;
				SWIFT_VERSION = 3.0;
				VERSIONING_SYSTEM = "apple-generic";
				VERSION_INFO_PREFIX = "";
			};
			name = Release;
		};
		3E7C178D1B957B0F000DC1E4 /* Debug */ = {
			isa = XCBuildConfiguration;
			buildSettings = {
				ALWAYS_SEARCH_USER_PATHS = NO;
				CLANG_CXX_LANGUAGE_STANDARD = "gnu++0x";
				CLANG_CXX_LIBRARY = "libc++";
				CLANG_ENABLE_MODULES = YES;
				CLANG_ENABLE_OBJC_ARC = YES;
				CLANG_WARN_BOOL_CONVERSION = YES;
				CLANG_WARN_CONSTANT_CONVERSION = YES;
				CLANG_WARN_DIRECT_OBJC_ISA_USAGE = YES_ERROR;
				CLANG_WARN_EMPTY_BODY = YES;
				CLANG_WARN_ENUM_CONVERSION = YES;
				CLANG_WARN_INFINITE_RECURSION = YES;
				CLANG_WARN_INT_CONVERSION = YES;
				CLANG_WARN_OBJC_ROOT_CLASS = YES_ERROR;
				CLANG_WARN_SUSPICIOUS_MOVE = YES;
				CLANG_WARN_UNREACHABLE_CODE = YES;
				CLANG_WARN__DUPLICATE_METHOD_MATCH = YES;
				"CODE_SIGN_IDENTITY[sdk=iphoneos*]" = "iPhone Developer";
				COPY_PHASE_STRIP = NO;
				DEBUG_INFORMATION_FORMAT = dwarf;
				ENABLE_STRICT_OBJC_MSGSEND = YES;
				ENABLE_TESTABILITY = YES;
				GCC_C_LANGUAGE_STANDARD = gnu99;
				GCC_DYNAMIC_NO_PIC = NO;
				GCC_NO_COMMON_BLOCKS = YES;
				GCC_OPTIMIZATION_LEVEL = 0;
				GCC_PREPROCESSOR_DEFINITIONS = (
					"DEBUG=1",
					"$(inherited)",
				);
				GCC_WARN_64_TO_32_BIT_CONVERSION = YES;
				GCC_WARN_ABOUT_RETURN_TYPE = YES_ERROR;
				GCC_WARN_UNDECLARED_SELECTOR = YES;
				GCC_WARN_UNINITIALIZED_AUTOS = YES_AGGRESSIVE;
				GCC_WARN_UNUSED_FUNCTION = YES;
				GCC_WARN_UNUSED_VARIABLE = YES;
				IPHONEOS_DEPLOYMENT_TARGET = 9.0;
				MTL_ENABLE_DEBUG_INFO = YES;
				ONLY_ACTIVE_ARCH = YES;
				SDKROOT = iphoneos;
				SWIFT_OPTIMIZATION_LEVEL = "-Onone";
				TARGETED_DEVICE_FAMILY = "1,2";
			};
			name = Debug;
		};
		3E7C178E1B957B0F000DC1E4 /* Release */ = {
			isa = XCBuildConfiguration;
			buildSettings = {
				ALWAYS_SEARCH_USER_PATHS = NO;
				CLANG_CXX_LANGUAGE_STANDARD = "gnu++0x";
				CLANG_CXX_LIBRARY = "libc++";
				CLANG_ENABLE_MODULES = YES;
				CLANG_ENABLE_OBJC_ARC = YES;
				CLANG_WARN_BOOL_CONVERSION = YES;
				CLANG_WARN_CONSTANT_CONVERSION = YES;
				CLANG_WARN_DIRECT_OBJC_ISA_USAGE = YES_ERROR;
				CLANG_WARN_EMPTY_BODY = YES;
				CLANG_WARN_ENUM_CONVERSION = YES;
				CLANG_WARN_INFINITE_RECURSION = YES;
				CLANG_WARN_INT_CONVERSION = YES;
				CLANG_WARN_OBJC_ROOT_CLASS = YES_ERROR;
				CLANG_WARN_SUSPICIOUS_MOVE = YES;
				CLANG_WARN_UNREACHABLE_CODE = YES;
				CLANG_WARN__DUPLICATE_METHOD_MATCH = YES;
				"CODE_SIGN_IDENTITY[sdk=iphoneos*]" = "iPhone Developer";
				COPY_PHASE_STRIP = NO;
				DEBUG_INFORMATION_FORMAT = "dwarf-with-dsym";
				ENABLE_NS_ASSERTIONS = NO;
				ENABLE_STRICT_OBJC_MSGSEND = YES;
				GCC_C_LANGUAGE_STANDARD = gnu99;
				GCC_NO_COMMON_BLOCKS = YES;
				GCC_WARN_64_TO_32_BIT_CONVERSION = YES;
				GCC_WARN_ABOUT_RETURN_TYPE = YES_ERROR;
				GCC_WARN_UNDECLARED_SELECTOR = YES;
				GCC_WARN_UNINITIALIZED_AUTOS = YES_AGGRESSIVE;
				GCC_WARN_UNUSED_FUNCTION = YES;
				GCC_WARN_UNUSED_VARIABLE = YES;
				IPHONEOS_DEPLOYMENT_TARGET = 9.0;
				MTL_ENABLE_DEBUG_INFO = NO;
				SDKROOT = iphoneos;
				SWIFT_OPTIMIZATION_LEVEL = "-Owholemodule";
				TARGETED_DEVICE_FAMILY = "1,2";
				VALIDATE_PRODUCT = YES;
			};
			name = Release;
		};
		3E7C17901B957B0F000DC1E4 /* Debug */ = {
			isa = XCBuildConfiguration;
			buildSettings = {
				ALWAYS_EMBED_SWIFT_STANDARD_LIBRARIES = YES;
				ASSETCATALOG_COMPILER_APPICON_NAME = AppIcon;
				DEVELOPMENT_TEAM = GEA92R6RK9;
				INFOPLIST_FILE = ShinpuruNodeUI/Info.plist;
				LD_RUNPATH_SEARCH_PATHS = "$(inherited) @executable_path/Frameworks";
				PRODUCT_BUNDLE_IDENTIFIER = uk.co.flexmonkey.ShinpuruNodeUI.DemoApp;
				PRODUCT_NAME = "$(TARGET_NAME)";
				SWIFT_VERSION = 3.0;
			};
			name = Debug;
		};
		3E7C17911B957B0F000DC1E4 /* Release */ = {
			isa = XCBuildConfiguration;
			buildSettings = {
				ALWAYS_EMBED_SWIFT_STANDARD_LIBRARIES = YES;
				ASSETCATALOG_COMPILER_APPICON_NAME = AppIcon;
				DEVELOPMENT_TEAM = GEA92R6RK9;
				INFOPLIST_FILE = ShinpuruNodeUI/Info.plist;
				LD_RUNPATH_SEARCH_PATHS = "$(inherited) @executable_path/Frameworks";
				PRODUCT_BUNDLE_IDENTIFIER = uk.co.flexmonkey.ShinpuruNodeUI.DemoApp;
				PRODUCT_NAME = "$(TARGET_NAME)";
				SWIFT_VERSION = 3.0;
			};
			name = Release;
		};
/* End XCBuildConfiguration section */

/* Begin XCConfigurationList section */
		300EB82C1E98399600CE385E /* Build configuration list for PBXNativeTarget "ShinpuruNodeUI" */ = {
			isa = XCConfigurationList;
			buildConfigurations = (
				300EB82D1E98399600CE385E /* Debug */,
				300EB82E1E98399600CE385E /* Release */,
			);
			defaultConfigurationIsVisible = 0;
			defaultConfigurationName = Release;
		};
		3E7C17621B957B0F000DC1E4 /* Build configuration list for PBXProject "ShinpuruNodeUI" */ = {
			isa = XCConfigurationList;
			buildConfigurations = (
				3E7C178D1B957B0F000DC1E4 /* Debug */,
				3E7C178E1B957B0F000DC1E4 /* Release */,
			);
			defaultConfigurationIsVisible = 0;
			defaultConfigurationName = Release;
		};
		3E7C178F1B957B0F000DC1E4 /* Build configuration list for PBXNativeTarget "ShinpuruNodeUIDemoApp" */ = {
			isa = XCConfigurationList;
			buildConfigurations = (
				3E7C17901B957B0F000DC1E4 /* Debug */,
				3E7C17911B957B0F000DC1E4 /* Release */,
			);
			defaultConfigurationIsVisible = 0;
			defaultConfigurationName = Release;
		};
/* End XCConfigurationList section */
	};
	rootObject = 3E7C175F1B957B0F000DC1E4 /* Project object */;
}
